// !$*UTF8*$!
{
	archiveVersion = 1;
	classes = {
	};
	objectVersion = 55;
	objects = {

/* Begin PBXBuildFile section */
		1C9241AD288A3B3E008E9045 /* LearningApp.swift in Sources */ = {isa = PBXBuildFile; fileRef = 1C9241AC288A3B3E008E9045 /* LearningApp.swift */; };
		1C9241AF288A3B3E008E9045 /* HomeView.swift in Sources */ = {isa = PBXBuildFile; fileRef = 1C9241AE288A3B3E008E9045 /* HomeView.swift */; };
		1C9241B1288A3B47008E9045 /* Assets.xcassets in Resources */ = {isa = PBXBuildFile; fileRef = 1C9241B0288A3B47008E9045 /* Assets.xcassets */; };
		1C9241B4288A3B47008E9045 /* Preview Assets.xcassets in Resources */ = {isa = PBXBuildFile; fileRef = 1C9241B3288A3B47008E9045 /* Preview Assets.xcassets */; };
		1C9241C1288A3CE0008E9045 /* ContentModel.swift in Sources */ = {isa = PBXBuildFile; fileRef = 1C9241C0288A3CE0008E9045 /* ContentModel.swift */; };
		1C9241C4288A4127008E9045 /* style.html in Resources */ = {isa = PBXBuildFile; fileRef = 1C9241C2288A4126008E9045 /* style.html */; };
		1C9241C5288A4127008E9045 /* data.json in Resources */ = {isa = PBXBuildFile; fileRef = 1C9241C3288A4127008E9045 /* data.json */; };
		1C9241C7288A445B008E9045 /* Models.swift in Sources */ = {isa = PBXBuildFile; fileRef = 1C9241C6288A445B008E9045 /* Models.swift */; };
		1C9241C9288A62EA008E9045 /* HomeViewRow.swift in Sources */ = {isa = PBXBuildFile; fileRef = 1C9241C8288A62E9008E9045 /* HomeViewRow.swift */; };
		1C9241CB288E0ECF008E9045 /* ContentView.swift in Sources */ = {isa = PBXBuildFile; fileRef = 1C9241CA288E0ECF008E9045 /* ContentView.swift */; };
		1C9241CD288E2C24008E9045 /* ContentViewRow.swift in Sources */ = {isa = PBXBuildFile; fileRef = 1C9241CC288E2C24008E9045 /* ContentViewRow.swift */; };
		1C9241CF288E3062008E9045 /* ContentDetailView.swift in Sources */ = {isa = PBXBuildFile; fileRef = 1C9241CE288E3062008E9045 /* ContentDetailView.swift */; };
/* End PBXBuildFile section */

/* Begin PBXFileReference section */
		1C9241A9288A3B3E008E9045 /* LearningApp.app */ = {isa = PBXFileReference; explicitFileType = wrapper.application; includeInIndex = 0; path = LearningApp.app; sourceTree = BUILT_PRODUCTS_DIR; };
		1C9241AC288A3B3E008E9045 /* LearningApp.swift */ = {isa = PBXFileReference; lastKnownFileType = sourcecode.swift; path = LearningApp.swift; sourceTree = "<group>"; };
		1C9241AE288A3B3E008E9045 /* HomeView.swift */ = {isa = PBXFileReference; lastKnownFileType = sourcecode.swift; path = HomeView.swift; sourceTree = "<group>"; };
		1C9241B0288A3B47008E9045 /* Assets.xcassets */ = {isa = PBXFileReference; lastKnownFileType = folder.assetcatalog; path = Assets.xcassets; sourceTree = "<group>"; };
		1C9241B3288A3B47008E9045 /* Preview Assets.xcassets */ = {isa = PBXFileReference; lastKnownFileType = folder.assetcatalog; path = "Preview Assets.xcassets"; sourceTree = "<group>"; };
		1C9241C0288A3CE0008E9045 /* ContentModel.swift */ = {isa = PBXFileReference; lastKnownFileType = sourcecode.swift; path = ContentModel.swift; sourceTree = "<group>"; };
		1C9241C2288A4126008E9045 /* style.html */ = {isa = PBXFileReference; fileEncoding = 4; lastKnownFileType = text.html; path = style.html; sourceTree = "<group>"; };
		1C9241C3288A4127008E9045 /* data.json */ = {isa = PBXFileReference; fileEncoding = 4; lastKnownFileType = text.json; path = data.json; sourceTree = "<group>"; };
		1C9241C6288A445B008E9045 /* Models.swift */ = {isa = PBXFileReference; lastKnownFileType = sourcecode.swift; path = Models.swift; sourceTree = "<group>"; };
		1C9241C8288A62E9008E9045 /* HomeViewRow.swift */ = {isa = PBXFileReference; lastKnownFileType = sourcecode.swift; path = HomeViewRow.swift; sourceTree = "<group>"; };
		1C9241CA288E0ECF008E9045 /* ContentView.swift */ = {isa = PBXFileReference; lastKnownFileType = sourcecode.swift; path = ContentView.swift; sourceTree = "<group>"; };
		1C9241CC288E2C24008E9045 /* ContentViewRow.swift */ = {isa = PBXFileReference; lastKnownFileType = sourcecode.swift; path = ContentViewRow.swift; sourceTree = "<group>"; };
		1C9241CE288E3062008E9045 /* ContentDetailView.swift */ = {isa = PBXFileReference; lastKnownFileType = sourcecode.swift; path = ContentDetailView.swift; sourceTree = "<group>"; };
/* End PBXFileReference section */

/* Begin PBXFrameworksBuildPhase section */
		1C9241A6288A3B3E008E9045 /* Frameworks */ = {
			isa = PBXFrameworksBuildPhase;
			buildActionMask = 2147483647;
			files = (
			);
			runOnlyForDeploymentPostprocessing = 0;
		};
/* End PBXFrameworksBuildPhase section */

/* Begin PBXGroup section */
		1C9241A0288A3B3E008E9045 = {
			isa = PBXGroup;
			children = (
				1C9241AB288A3B3E008E9045 /* LearningApp */,
				1C9241AA288A3B3E008E9045 /* Products */,
			);
			sourceTree = "<group>";
		};
		1C9241AA288A3B3E008E9045 /* Products */ = {
			isa = PBXGroup;
			children = (
				1C9241A9288A3B3E008E9045 /* LearningApp.app */,
			);
			name = Products;
			sourceTree = "<group>";
		};
		1C9241AB288A3B3E008E9045 /* LearningApp */ = {
			isa = PBXGroup;
			children = (
				1C9241AC288A3B3E008E9045 /* LearningApp.swift */,
				1C9241BA288A3B9F008E9045 /* Models */,
				1C9241BD288A3BDA008E9045 /* ViewModels */,
				1C9241BB288A3BAD008E9045 /* Views */,
				1C9241BF288A3C79008E9045 /* Resources */,
				1C9241BE288A3C4E008E9045 /* Utilities */,
				1C9241B0288A3B47008E9045 /* Assets.xcassets */,
				1C9241B2288A3B47008E9045 /* Preview Content */,
			);
			path = LearningApp;
			sourceTree = "<group>";
		};
		1C9241B2288A3B47008E9045 /* Preview Content */ = {
			isa = PBXGroup;
			children = (
				1C9241B3288A3B47008E9045 /* Preview Assets.xcassets */,
			);
			path = "Preview Content";
			sourceTree = "<group>";
		};
		1C9241BA288A3B9F008E9045 /* Models */ = {
			isa = PBXGroup;
			children = (
				1C9241C6288A445B008E9045 /* Models.swift */,
			);
			path = Models;
			sourceTree = "<group>";
		};
		1C9241BB288A3BAD008E9045 /* Views */ = {
			isa = PBXGroup;
			children = (
				1C9241AE288A3B3E008E9045 /* HomeView.swift */,
				1C9241C8288A62E9008E9045 /* HomeViewRow.swift */,
				1C9241CA288E0ECF008E9045 /* ContentView.swift */,
				1C9241CC288E2C24008E9045 /* ContentViewRow.swift */,
				1C9241CE288E3062008E9045 /* ContentDetailView.swift */,
			);
			path = Views;
			sourceTree = "<group>";
		};
		1C9241BD288A3BDA008E9045 /* ViewModels */ = {
			isa = PBXGroup;
			children = (
				1C9241C0288A3CE0008E9045 /* ContentModel.swift */,
			);
			path = ViewModels;
			sourceTree = "<group>";
		};
		1C9241BE288A3C4E008E9045 /* Utilities */ = {
			isa = PBXGroup;
			children = (
			);
			path = Utilities;
			sourceTree = "<group>";
		};
		1C9241BF288A3C79008E9045 /* Resources */ = {
			isa = PBXGroup;
			children = (
				1C9241C3288A4127008E9045 /* data.json */,
				1C9241C2288A4126008E9045 /* style.html */,
			);
			path = Resources;
			sourceTree = "<group>";
		};
/* End PBXGroup section */

/* Begin PBXNativeTarget section */
		1C9241A8288A3B3E008E9045 /* LearningApp */ = {
			isa = PBXNativeTarget;
			buildConfigurationList = 1C9241B7288A3B47008E9045 /* Build configuration list for PBXNativeTarget "LearningApp" */;
			buildPhases = (
				1C9241A5288A3B3E008E9045 /* Sources */,
				1C9241A6288A3B3E008E9045 /* Frameworks */,
				1C9241A7288A3B3E008E9045 /* Resources */,
			);
			buildRules = (
			);
			dependencies = (
			);
			name = LearningApp;
			productName = LearningApp;
			productReference = 1C9241A9288A3B3E008E9045 /* LearningApp.app */;
			productType = "com.apple.product-type.application";
		};
/* End PBXNativeTarget section */

/* Begin PBXProject section */
		1C9241A1288A3B3E008E9045 /* Project object */ = {
			isa = PBXProject;
			attributes = {
				BuildIndependentTargetsInParallel = 1;
				LastSwiftUpdateCheck = 1340;
				LastUpgradeCheck = 1340;
				TargetAttributes = {
					1C9241A8288A3B3E008E9045 = {
						CreatedOnToolsVersion = 13.4.1;
					};
				};
			};
			buildConfigurationList = 1C9241A4288A3B3E008E9045 /* Build configuration list for PBXProject "LearningApp" */;
			compatibilityVersion = "Xcode 13.0";
			developmentRegion = en;
			hasScannedForEncodings = 0;
			knownRegions = (
				en,
				Base,
			);
			mainGroup = 1C9241A0288A3B3E008E9045;
			productRefGroup = 1C9241AA288A3B3E008E9045 /* Products */;
			projectDirPath = "";
			projectRoot = "";
			targets = (
				1C9241A8288A3B3E008E9045 /* LearningApp */,
			);
		};
/* End PBXProject section */

/* Begin PBXResourcesBuildPhase section */
		1C9241A7288A3B3E008E9045 /* Resources */ = {
			isa = PBXResourcesBuildPhase;
			buildActionMask = 2147483647;
			files = (
				1C9241C4288A4127008E9045 /* style.html in Resources */,
				1C9241B4288A3B47008E9045 /* Preview Assets.xcassets in Resources */,
				1C9241B1288A3B47008E9045 /* Assets.xcassets in Resources */,
				1C9241C5288A4127008E9045 /* data.json in Resources */,
			);
			runOnlyForDeploymentPostprocessing = 0;
		};
/* End PBXResourcesBuildPhase section */

/* Begin PBXSourcesBuildPhase section */
		1C9241A5288A3B3E008E9045 /* Sources */ = {
			isa = PBXSourcesBuildPhase;
			buildActionMask = 2147483647;
			files = (
				1C9241AF288A3B3E008E9045 /* HomeView.swift in Sources */,
				1C9241C9288A62EA008E9045 /* HomeViewRow.swift in Sources */,
				1C9241CB288E0ECF008E9045 /* ContentView.swift in Sources */,
				1C9241CF288E3062008E9045 /* ContentDetailView.swift in Sources */,
				1C9241AD288A3B3E008E9045 /* LearningApp.swift in Sources */,
				1C9241CD288E2C24008E9045 /* ContentViewRow.swift in Sources */,
				1C9241C1288A3CE0008E9045 /* ContentModel.swift in Sources */,
				1C9241C7288A445B008E9045 /* Models.swift in Sources */,
			);
			runOnlyForDeploymentPostprocessing = 0;
		};
/* End PBXSourcesBuildPhase section */

/* Begin XCBuildConfiguration section */
		1C9241B5288A3B47008E9045 /* Debug */ = {
			isa = XCBuildConfiguration;
			buildSettings = {
				ALWAYS_SEARCH_USER_PATHS = NO;
				CLANG_ANALYZER_NONNULL = YES;
				CLANG_ANALYZER_NUMBER_OBJECT_CONVERSION = YES_AGGRESSIVE;
				CLANG_CXX_LANGUAGE_STANDARD = "gnu++17";
				CLANG_ENABLE_MODULES = YES;
				CLANG_ENABLE_OBJC_ARC = YES;
				CLANG_ENABLE_OBJC_WEAK = YES;
				CLANG_WARN_BLOCK_CAPTURE_AUTORELEASING = YES;
				CLANG_WARN_BOOL_CONVERSION = YES;
				CLANG_WARN_COMMA = YES;
				CLANG_WARN_CONSTANT_CONVERSION = YES;
				CLANG_WARN_DEPRECATED_OBJC_IMPLEMENTATIONS = YES;
				CLANG_WARN_DIRECT_OBJC_ISA_USAGE = YES_ERROR;
				CLANG_WARN_DOCUMENTATION_COMMENTS = YES;
				CLANG_WARN_EMPTY_BODY = YES;
				CLANG_WARN_ENUM_CONVERSION = YES;
				CLANG_WARN_INFINITE_RECURSION = YES;
				CLANG_WARN_INT_CONVERSION = YES;
				CLANG_WARN_NON_LITERAL_NULL_CONVERSION = YES;
				CLANG_WARN_OBJC_IMPLICIT_RETAIN_SELF = YES;
				CLANG_WARN_OBJC_LITERAL_CONVERSION = YES;
				CLANG_WARN_OBJC_ROOT_CLASS = YES_ERROR;
				CLANG_WARN_QUOTED_INCLUDE_IN_FRAMEWORK_HEADER = YES;
				CLANG_WARN_RANGE_LOOP_ANALYSIS = YES;
				CLANG_WARN_STRICT_PROTOTYPES = YES;
				CLANG_WARN_SUSPICIOUS_MOVE = YES;
				CLANG_WARN_UNGUARDED_AVAILABILITY = YES_AGGRESSIVE;
				CLANG_WARN_UNREACHABLE_CODE = YES;
				CLANG_WARN__DUPLICATE_METHOD_MATCH = YES;
				COPY_PHASE_STRIP = NO;
				DEBUG_INFORMATION_FORMAT = dwarf;
				ENABLE_STRICT_OBJC_MSGSEND = YES;
				ENABLE_TESTABILITY = YES;
				GCC_C_LANGUAGE_STANDARD = gnu11;
				GCC_DYNAMIC_NO_PIC = NO;
				GCC_NO_COMMON_BLOCKS = YES;
				GCC_OPTIMIZATION_LEVEL = 0;
				GCC_PREPROCESSOR_DEFINITIONS = (
					"DEBUG=1",
					"$(inherited)",
				);
				GCC_WARN_64_TO_32_BIT_CONVERSION = YES;
				GCC_WARN_ABOUT_RETURN_TYPE = YES_ERROR;
				GCC_WARN_UNDECLARED_SELECTOR = YES;
				GCC_WARN_UNINITIALIZED_AUTOS = YES_AGGRESSIVE;
				GCC_WARN_UNUSED_FUNCTION = YES;
				GCC_WARN_UNUSED_VARIABLE = YES;
				IPHONEOS_DEPLOYMENT_TARGET = 15.5;
				MTL_ENABLE_DEBUG_INFO = INCLUDE_SOURCE;
				MTL_FAST_MATH = YES;
				ONLY_ACTIVE_ARCH = YES;
				SDKROOT = iphoneos;
				SWIFT_ACTIVE_COMPILATION_CONDITIONS = DEBUG;
				SWIFT_OPTIMIZATION_LEVEL = "-Onone";
			};
			name = Debug;
		};
		1C9241B6288A3B47008E9045 /* Release */ = {
			isa = XCBuildConfiguration;
			buildSettings = {
				ALWAYS_SEARCH_USER_PATHS = NO;
				CLANG_ANALYZER_NONNULL = YES;
				CLANG_ANALYZER_NUMBER_OBJECT_CONVERSION = YES_AGGRESSIVE;
				CLANG_CXX_LANGUAGE_STANDARD = "gnu++17";
				CLANG_ENABLE_MODULES = YES;
				CLANG_ENABLE_OBJC_ARC = YES;
				CLANG_ENABLE_OBJC_WEAK = YES;
				CLANG_WARN_BLOCK_CAPTURE_AUTORELEASING = YES;
				CLANG_WARN_BOOL_CONVERSION = YES;
				CLANG_WARN_COMMA = YES;
				CLANG_WARN_CONSTANT_CONVERSION = YES;
				CLANG_WARN_DEPRECATED_OBJC_IMPLEMENTATIONS = YES;
				CLANG_WARN_DIRECT_OBJC_ISA_USAGE = YES_ERROR;
				CLANG_WARN_DOCUMENTATION_COMMENTS = YES;
				CLANG_WARN_EMPTY_BODY = YES;
				CLANG_WARN_ENUM_CONVERSION = YES;
				CLANG_WARN_INFINITE_RECURSION = YES;
				CLANG_WARN_INT_CONVERSION = YES;
				CLANG_WARN_NON_LITERAL_NULL_CONVERSION = YES;
				CLANG_WARN_OBJC_IMPLICIT_RETAIN_SELF = YES;
				CLANG_WARN_OBJC_LITERAL_CONVERSION = YES;
				CLANG_WARN_OBJC_ROOT_CLASS = YES_ERROR;
				CLANG_WARN_QUOTED_INCLUDE_IN_FRAMEWORK_HEADER = YES;
				CLANG_WARN_RANGE_LOOP_ANALYSIS = YES;
				CLANG_WARN_STRICT_PROTOTYPES = YES;
				CLANG_WARN_SUSPICIOUS_MOVE = YES;
				CLANG_WARN_UNGUARDED_AVAILABILITY = YES_AGGRESSIVE;
				CLANG_WARN_UNREACHABLE_CODE = YES;
				CLANG_WARN__DUPLICATE_METHOD_MATCH = YES;
				COPY_PHASE_STRIP = NO;
				DEBUG_INFORMATION_FORMAT = "dwarf-with-dsym";
				ENABLE_NS_ASSERTIONS = NO;
				ENABLE_STRICT_OBJC_MSGSEND = YES;
				GCC_C_LANGUAGE_STANDARD = gnu11;
				GCC_NO_COMMON_BLOCKS = YES;
				GCC_WARN_64_TO_32_BIT_CONVERSION = YES;
				GCC_WARN_ABOUT_RETURN_TYPE = YES_ERROR;
				GCC_WARN_UNDECLARED_SELECTOR = YES;
				GCC_WARN_UNINITIALIZED_AUTOS = YES_AGGRESSIVE;
				GCC_WARN_UNUSED_FUNCTION = YES;
				GCC_WARN_UNUSED_VARIABLE = YES;
				IPHONEOS_DEPLOYMENT_TARGET = 15.5;
				MTL_ENABLE_DEBUG_INFO = NO;
				MTL_FAST_MATH = YES;
				SDKROOT = iphoneos;
				SWIFT_COMPILATION_MODE = wholemodule;
				SWIFT_OPTIMIZATION_LEVEL = "-O";
				VALIDATE_PRODUCT = YES;
			};
			name = Release;
		};
		1C9241B8288A3B47008E9045 /* Debug */ = {
			isa = XCBuildConfiguration;
			buildSettings = {
				ASSETCATALOG_COMPILER_APPICON_NAME = AppIcon;
				ASSETCATALOG_COMPILER_GLOBAL_ACCENT_COLOR_NAME = AccentColor;
				CODE_SIGN_STYLE = Automatic;
				CURRENT_PROJECT_VERSION = 1;
				DEVELOPMENT_ASSET_PATHS = "\"LearningApp/Preview Content\"";
				ENABLE_PREVIEWS = YES;
				GENERATE_INFOPLIST_FILE = YES;
				INFOPLIST_KEY_UIApplicationSceneManifest_Generation = YES;
				INFOPLIST_KEY_UIApplicationSupportsIndirectInputEvents = YES;
				INFOPLIST_KEY_UILaunchScreen_Generation = YES;
				INFOPLIST_KEY_UISupportedInterfaceOrientations_iPad = "UIInterfaceOrientationPortrait UIInterfaceOrientationPortraitUpsideDown UIInterfaceOrientationLandscapeLeft UIInterfaceOrientationLandscapeRight";
				INFOPLIST_KEY_UISupportedInterfaceOrientations_iPhone = "UIInterfaceOrientationPortrait UIInterfaceOrientationLandscapeLeft UIInterfaceOrientationLandscapeRight";
				LD_RUNPATH_SEARCH_PATHS = (
					"$(inherited)",
					"@executable_path/Frameworks",
				);
				MARKETING_VERSION = 1.0;
				PRODUCT_BUNDLE_IDENTIFIER = com.learning.LearningApp;
				PRODUCT_NAME = "$(TARGET_NAME)";
				SWIFT_EMIT_LOC_STRINGS = YES;
				SWIFT_VERSION = 5.0;
				TARGETED_DEVICE_FAMILY = "1,2";
			};
			name = Debug;
		};
		1C9241B9288A3B47008E9045 /* Release */ = {
			isa = XCBuildConfiguration;
			buildSettings = {
				ASSETCATALOG_COMPILER_APPICON_NAME = AppIcon;
				ASSETCATALOG_COMPILER_GLOBAL_ACCENT_COLOR_NAME = AccentColor;
				CODE_SIGN_STYLE = Automatic;
				CURRENT_PROJECT_VERSION = 1;
				DEVELOPMENT_ASSET_PATHS = "\"LearningApp/Preview Content\"";
				ENABLE_PREVIEWS = YES;
				GENERATE_INFOPLIST_FILE = YES;
				INFOPLIST_KEY_UIApplicationSceneManifest_Generation = YES;
				INFOPLIST_KEY_UIApplicationSupportsIndirectInputEvents = YES;
				INFOPLIST_KEY_UILaunchScreen_Generation = YES;
				INFOPLIST_KEY_UISupportedInterfaceOrientations_iPad = "UIInterfaceOrientationPortrait UIInterfaceOrientationPortraitUpsideDown UIInterfaceOrientationLandscapeLeft UIInterfaceOrientationLandscapeRight";
				INFOPLIST_KEY_UISupportedInterfaceOrientations_iPhone = "UIInterfaceOrientationPortrait UIInterfaceOrientationLandscapeLeft UIInterfaceOrientationLandscapeRight";
				LD_RUNPATH_SEARCH_PATHS = (
					"$(inherited)",
					"@executable_path/Frameworks",
				);
				MARKETING_VERSION = 1.0;
				PRODUCT_BUNDLE_IDENTIFIER = com.learning.LearningApp;
				PRODUCT_NAME = "$(TARGET_NAME)";
				SWIFT_EMIT_LOC_STRINGS = YES;
				SWIFT_VERSION = 5.0;
				TARGETED_DEVICE_FAMILY = "1,2";
			};
			name = Release;
		};
/* End XCBuildConfiguration section */

/* Begin XCConfigurationList section */
		1C9241A4288A3B3E008E9045 /* Build configuration list for PBXProject "LearningApp" */ = {
			isa = XCConfigurationList;
			buildConfigurations = (
				1C9241B5288A3B47008E9045 /* Debug */,
				1C9241B6288A3B47008E9045 /* Release */,
			);
			defaultConfigurationIsVisible = 0;
			defaultConfigurationName = Release;
		};
		1C9241B7288A3B47008E9045 /* Build configuration list for PBXNativeTarget "LearningApp" */ = {
			isa = XCConfigurationList;
			buildConfigurations = (
				1C9241B8288A3B47008E9045 /* Debug */,
				1C9241B9288A3B47008E9045 /* Release */,
			);
			defaultConfigurationIsVisible = 0;
			defaultConfigurationName = Release;
		};
/* End XCConfigurationList section */
	};
	rootObject = 1C9241A1288A3B3E008E9045 /* Project object */;
}
